// !$*UTF8*$!
{
	archiveVersion = 1;
	classes = {
	};
	objectVersion = 46;
	objects = {

/* Begin PBXBuildFile section */
		CED6ABD11F0C738400B12DDF /* AppDelegate.swift in Sources */ = {isa = PBXBuildFile; fileRef = CED6ABD01F0C738400B12DDF /* AppDelegate.swift */; };
		CED6ABD31F0C738400B12DDF /* ViewController.swift in Sources */ = {isa = PBXBuildFile; fileRef = CED6ABD21F0C738400B12DDF /* ViewController.swift */; };
		CED6ABD81F0C738400B12DDF /* Assets.xcassets in Resources */ = {isa = PBXBuildFile; fileRef = CED6ABD71F0C738400B12DDF /* Assets.xcassets */; };
		CED6ABDB1F0C738400B12DDF /* LaunchScreen.storyboard in Resources */ = {isa = PBXBuildFile; fileRef = CED6ABD91F0C738400B12DDF /* LaunchScreen.storyboard */; };
		CED6ABE31F0C785900B12DDF /* P1VC.swift in Sources */ = {isa = PBXBuildFile; fileRef = CED6ABE21F0C785900B12DDF /* P1VC.swift */; };
		CED6ABE51F0C786F00B12DDF /* P2VC.swift in Sources */ = {isa = PBXBuildFile; fileRef = CED6ABE41F0C786F00B12DDF /* P2VC.swift */; };
		CED6ABE91F0C7D1700B12DDF /* back.jpeg in Resources */ = {isa = PBXBuildFile; fileRef = CED6ABE81F0C7D1700B12DDF /* back.jpeg */; };
		CED6ABEB1F0C7DA900B12DDF /* back2.jpg in Resources */ = {isa = PBXBuildFile; fileRef = CED6ABEA1F0C7DA900B12DDF /* back2.jpg */; };
		CED6ABED1F0C7E2D00B12DDF /* back3.png in Resources */ = {isa = PBXBuildFile; fileRef = CED6ABEC1F0C7E2D00B12DDF /* back3.png */; };
		CED6ABEF1F0C81EA00B12DDF /* back4.png in Resources */ = {isa = PBXBuildFile; fileRef = CED6ABEE1F0C81EA00B12DDF /* back4.png */; };
		CED6ABF11F0C844000B12DDF /* back5.png in Resources */ = {isa = PBXBuildFile; fileRef = CED6ABF01F0C844000B12DDF /* back5.png */; };
		CED6ABF31F0C856800B12DDF /* back6.png in Resources */ = {isa = PBXBuildFile; fileRef = CED6ABF21F0C856800B12DDF /* back6.png */; };
/* End PBXBuildFile section */

/* Begin PBXFileReference section */
		CED6ABCD1F0C738400B12DDF /* MyApp23.app */ = {isa = PBXFileReference; explicitFileType = wrapper.application; includeInIndex = 0; path = MyApp23.app; sourceTree = BUILT_PRODUCTS_DIR; };
		CED6ABD01F0C738400B12DDF /* AppDelegate.swift */ = {isa = PBXFileReference; lastKnownFileType = sourcecode.swift; path = AppDelegate.swift; sourceTree = "<group>"; };
		CED6ABD21F0C738400B12DDF /* ViewController.swift */ = {isa = PBXFileReference; lastKnownFileType = sourcecode.swift; path = ViewController.swift; sourceTree = "<group>"; };
		CED6ABD71F0C738400B12DDF /* Assets.xcassets */ = {isa = PBXFileReference; lastKnownFileType = folder.assetcatalog; path = Assets.xcassets; sourceTree = "<group>"; };
		CED6ABDA1F0C738400B12DDF /* Base */ = {isa = PBXFileReference; lastKnownFileType = file.storyboard; name = Base; path = Base.lproj/LaunchScreen.storyboard; sourceTree = "<group>"; };
		CED6ABDC1F0C738400B12DDF /* Info.plist */ = {isa = PBXFileReference; lastKnownFileType = text.plist.xml; path = Info.plist; sourceTree = "<group>"; };
		CED6ABE21F0C785900B12DDF /* P1VC.swift */ = {isa = PBXFileReference; fileEncoding = 4; lastKnownFileType = sourcecode.swift; path = P1VC.swift; sourceTree = "<group>"; };
		CED6ABE41F0C786F00B12DDF /* P2VC.swift */ = {isa = PBXFileReference; fileEncoding = 4; lastKnownFileType = sourcecode.swift; path = P2VC.swift; sourceTree = "<group>"; };
		CED6ABE81F0C7D1700B12DDF /* back.jpeg */ = {isa = PBXFileReference; lastKnownFileType = image.jpeg; name = back.jpeg; path = ../../../Downloads/back.jpeg; sourceTree = "<group>"; };
		CED6ABEA1F0C7DA900B12DDF /* back2.jpg */ = {isa = PBXFileReference; lastKnownFileType = image.jpeg; name = back2.jpg; path = ../../../Downloads/back2.jpg; sourceTree = "<group>"; };
		CED6ABEC1F0C7E2D00B12DDF /* back3.png */ = {isa = PBXFileReference; lastKnownFileType = image.png; name = back3.png; path = ../../../Downloads/back3.png; sourceTree = "<group>"; };
		CED6ABEE1F0C81EA00B12DDF /* back4.png */ = {isa = PBXFileReference; lastKnownFileType = image.png; name = back4.png; path = ../../../Downloads/back4.png; sourceTree = "<group>"; };
		CED6ABF01F0C844000B12DDF /* back5.png */ = {isa = PBXFileReference; lastKnownFileType = image.png; name = back5.png; path = ../../../Downloads/back5.png; sourceTree = "<group>"; };
		CED6ABF21F0C856800B12DDF /* back6.png */ = {isa = PBXFileReference; lastKnownFileType = image.png; name = back6.png; path = ../../../Downloads/back6.png; sourceTree = "<group>"; };
/* End PBXFileReference section */

/* Begin PBXFrameworksBuildPhase section */
		CED6ABCA1F0C738400B12DDF /* Frameworks */ = {
			isa = PBXFrameworksBuildPhase;
			buildActionMask = 2147483647;
			files = (
			);
			runOnlyForDeploymentPostprocessing = 0;
		};
/* End PBXFrameworksBuildPhase section */

/* Begin PBXGroup section */
		CED6ABC41F0C738400B12DDF = {
			isa = PBXGroup;
			children = (
				CED6ABCF1F0C738400B12DDF /* MyApp23 */,
				CED6ABCE1F0C738400B12DDF /* Products */,
			);
			sourceTree = "<group>";
		};
		CED6ABCE1F0C738400B12DDF /* Products */ = {
			isa = PBXGroup;
			children = (
				CED6ABCD1F0C738400B12DDF /* MyApp23.app */,
			);
			name = Products;
			sourceTree = "<group>";
		};
		CED6ABCF1F0C738400B12DDF /* MyApp23 */ = {
			isa = PBXGroup;
			children = (
				CED6ABF21F0C856800B12DDF /* back6.png */,
				CED6ABF01F0C844000B12DDF /* back5.png */,
				CED6ABEE1F0C81EA00B12DDF /* back4.png */,
				CED6ABEC1F0C7E2D00B12DDF /* back3.png */,
				CED6ABEA1F0C7DA900B12DDF /* back2.jpg */,
				CED6ABE81F0C7D1700B12DDF /* back.jpeg */,
				CED6ABD01F0C738400B12DDF /* AppDelegate.swift */,
				CED6ABD21F0C738400B12DDF /* ViewController.swift */,
				CED6ABD71F0C738400B12DDF /* Assets.xcassets */,
				CED6ABD91F0C738400B12DDF /* LaunchScreen.storyboard */,
				CED6ABDC1F0C738400B12DDF /* Info.plist */,
				CED6ABE21F0C785900B12DDF /* P1VC.swift */,
				CED6ABE41F0C786F00B12DDF /* P2VC.swift */,
			);
			path = MyApp23;
			sourceTree = "<group>";
		};
/* End PBXGroup section */

/* Begin PBXNativeTarget section */
		CED6ABCC1F0C738400B12DDF /* MyApp23 */ = {
			isa = PBXNativeTarget;
			buildConfigurationList = CED6ABDF1F0C738400B12DDF /* Build configuration list for PBXNativeTarget "MyApp23" */;
			buildPhases = (
				CED6ABC91F0C738400B12DDF /* Sources */,
				CED6ABCA1F0C738400B12DDF /* Frameworks */,
				CED6ABCB1F0C738400B12DDF /* Resources */,
			);
			buildRules = (
			);
			dependencies = (
			);
			name = MyApp23;
			productName = MyApp23;
			productReference = CED6ABCD1F0C738400B12DDF /* MyApp23.app */;
			productType = "com.apple.product-type.application";
		};
/* End PBXNativeTarget section */

/* Begin PBXProject section */
		CED6ABC51F0C738400B12DDF /* Project object */ = {
			isa = PBXProject;
			attributes = {
				LastSwiftUpdateCheck = 0830;
				LastUpgradeCheck = 0830;
				ORGANIZATIONNAME = user;
				TargetAttributes = {
					CED6ABCC1F0C738400B12DDF = {
						CreatedOnToolsVersion = 8.3.3;
						ProvisioningStyle = Automatic;
					};
				};
			};
			buildConfigurationList = CED6ABC81F0C738400B12DDF /* Build configuration list for PBXProject "MyApp23" */;
			compatibilityVersion = "Xcode 3.2";
			developmentRegion = English;
			hasScannedForEncodings = 0;
			knownRegions = (
				en,
				Base,
			);
			mainGroup = CED6ABC41F0C738400B12DDF;
			productRefGroup = CED6ABCE1F0C738400B12DDF /* Products */;
			projectDirPath = "";
			projectRoot = "";
			targets = (
				CED6ABCC1F0C738400B12DDF /* MyApp23 */,
			);
		};
/* End PBXProject section */

/* Begin PBXResourcesBuildPhase section */
		CED6ABCB1F0C738400B12DDF /* Resources */ = {
			isa = PBXResourcesBuildPhase;
			buildActionMask = 2147483647;
			files = (
				CED6ABE91F0C7D1700B12DDF /* back.jpeg in Resources */,
				CED6ABDB1F0C738400B12DDF /* LaunchScreen.storyboard in Resources */,
				CED6ABED1F0C7E2D00B12DDF /* back3.png in Resources */,
				CED6ABF31F0C856800B12DDF /* back6.png in Resources */,
				CED6ABEF1F0C81EA00B12DDF /* back4.png in Resources */,
				CED6ABD81F0C738400B12DDF /* Assets.xcassets in Resources */,
				CED6ABEB1F0C7DA900B12DDF /* back2.jpg in Resources */,
				CED6ABF11F0C844000B12DDF /* back5.png in Resources */,
			);
			runOnlyForDeploymentPostprocessing = 0;
		};
/* End PBXResourcesBuildPhase section */

/* Begin PBXSourcesBuildPhase section */
		CED6ABC91F0C738400B12DDF /* Sources */ = {
			isa = PBXSourcesBuildPhase;
			buildActionMask = 2147483647;
			files = (
				CED6ABE51F0C786F00B12DDF /* P2VC.swift in Sources */,
				CED6ABD31F0C738400B12DDF /* ViewController.swift in Sources */,
				CED6ABD11F0C738400B12DDF /* AppDelegate.swift in Sources */,
				CED6ABE31F0C785900B12DDF /* P1VC.swift in Sources */,
			);
			runOnlyForDeploymentPostprocessing = 0;
		};
/* End PBXSourcesBuildPhase section */

/* Begin PBXVariantGroup section */
		CED6ABD91F0C738400B12DDF /* LaunchScreen.storyboard */ = {
			isa = PBXVariantGroup;
			children = (
				CED6ABDA1F0C738400B12DDF /* Base */,
			);
			name = LaunchScreen.storyboard;
			sourceTree = "<group>";
		};
/* End PBXVariantGroup section */

/* Begin XCBuildConfiguration section */
		CED6ABDD1F0C738400B12DDF /* Debug */ = {
			isa = XCBuildConfiguration;
			buildSettings = {
				ALWAYS_SEARCH_USER_PATHS = NO;
				CLANG_ANALYZER_NONNULL = YES;
				CLANG_ANALYZER_NUMBER_OBJECT_CONVERSION = YES_AGGRESSIVE;
				CLANG_CXX_LANGUAGE_STANDARD = "gnu++0x";
				CLANG_CXX_LIBRARY = "libc++";
				CLANG_ENABLE_MODULES = YES;
				CLANG_ENABLE_OBJC_ARC = YES;
				CLANG_WARN_BOOL_CONVERSION = YES;
				CLANG_WARN_CONSTANT_CONVERSION = YES;
				CLANG_WARN_DIRECT_OBJC_ISA_USAGE = YES_ERROR;
				CLANG_WARN_DOCUMENTATION_COMMENTS = YES;
				CLANG_WARN_EMPTY_BODY = YES;
				CLANG_WARN_ENUM_CONVERSION = YES;
				CLANG_WARN_INFINITE_RECURSION = YES;
				CLANG_WARN_INT_CONVERSION = YES;
				CLANG_WARN_OBJC_ROOT_CLASS = YES_ERROR;
				CLANG_WARN_SUSPICIOUS_MOVE = YES;
				CLANG_WARN_UNREACHABLE_CODE = YES;
				CLANG_WARN__DUPLICATE_METHOD_MATCH = YES;
				"CODE_SIGN_IDENTITY[sdk=iphoneos*]" = "iPhone Developer";
				COPY_PHASE_STRIP = NO;
				DEBUG_INFORMATION_FORMAT = dwarf;
				ENABLE_STRICT_OBJC_MSGSEND = YES;
				ENABLE_TESTABILITY = YES;
				GCC_C_LANGUAGE_STANDARD = gnu99;
				GCC_DYNAMIC_NO_PIC = NO;
				GCC_NO_COMMON_BLOCKS = YES;
				GCC_OPTIMIZATION_LEVEL = 0;
				GCC_PREPROCESSOR_DEFINITIONS = (
					"DEBUG=1",
					"$(inherited)",
				);
				GCC_WARN_64_TO_32_BIT_CONVERSION = YES;
				GCC_WARN_ABOUT_RETURN_TYPE = YES_ERROR;
				GCC_WARN_UNDECLARED_SELECTOR = YES;
				GCC_WARN_UNINITIALIZED_AUTOS = YES_AGGRESSIVE;
				GCC_WARN_UNUSED_FUNCTION = YES;
				GCC_WARN_UNUSED_VARIABLE = YES;
				IPHONEOS_DEPLOYMENT_TARGET = 10.3;
				MTL_ENABLE_DEBUG_INFO = YES;
				ONLY_ACTIVE_ARCH = YES;
				SDKROOT = iphoneos;
				SWIFT_ACTIVE_COMPILATION_CONDITIONS = DEBUG;
				SWIFT_OPTIMIZATION_LEVEL = "-Onone";
				TARGETED_DEVICE_FAMILY = "1,2";
			};
			name = Debug;
		};
		CED6ABDE1F0C738400B12DDF /* Release */ = {
			isa = XCBuildConfiguration;
			buildSettings = {
				ALWAYS_SEARCH_USER_PATHS = NO;
				CLANG_ANALYZER_NONNULL = YES;
				CLANG_ANALYZER_NUMBER_OBJECT_CONVERSION = YES_AGGRESSIVE;
				CLANG_CXX_LANGUAGE_STANDARD = "gnu++0x";
				CLANG_CXX_LIBRARY = "libc++";
				CLANG_ENABLE_MODULES = YES;
				CLANG_ENABLE_OBJC_ARC = YES;
				CLANG_WARN_BOOL_CONVERSION = YES;
				CLANG_WARN_CONSTANT_CONVERSION = YES;
				CLANG_WARN_DIRECT_OBJC_ISA_USAGE = YES_ERROR;
				CLANG_WARN_DOCUMENTATION_COMMENTS = YES;
				CLANG_WARN_EMPTY_BODY = YES;
				CLANG_WARN_ENUM_CONVERSION = YES;
				CLANG_WARN_INFINITE_RECURSION = YES;
				CLANG_WARN_INT_CONVERSION = YES;
				CLANG_WARN_OBJC_ROOT_CLASS = YES_ERROR;
				CLANG_WARN_SUSPICIOUS_MOVE = YES;
				CLANG_WARN_UNREACHABLE_CODE = YES;
				CLANG_WARN__DUPLICATE_METHOD_MATCH = YES;
				"CODE_SIGN_IDENTITY[sdk=iphoneos*]" = "iPhone Developer";
				COPY_PHASE_STRIP = NO;
				DEBUG_INFORMATION_FORMAT = "dwarf-with-dsym";
				ENABLE_NS_ASSERTIONS = NO;
				ENABLE_STRICT_OBJC_MSGSEND = YES;
				GCC_C_LANGUAGE_STANDARD = gnu99;
				GCC_NO_COMMON_BLOCKS = YES;
				GCC_WARN_64_TO_32_BIT_CONVERSION = YES;
				GCC_WARN_ABOUT_RETURN_TYPE = YES_ERROR;
				GCC_WARN_UNDECLARED_SELECTOR = YES;
				GCC_WARN_UNINITIALIZED_AUTOS = YES_AGGRESSIVE;
				GCC_WARN_UNUSED_FUNCTION = YES;
				GCC_WARN_UNUSED_VARIABLE = YES;
				IPHONEOS_DEPLOYMENT_TARGET = 10.3;
				MTL_ENABLE_DEBUG_INFO = NO;
				SDKROOT = iphoneos;
				SWIFT_OPTIMIZATION_LEVEL = "-Owholemodule";
				TARGETED_DEVICE_FAMILY = "1,2";
				VALIDATE_PRODUCT = YES;
			};
			name = Release;
		};
		CED6ABE01F0C738400B12DDF /* Debug */ = {
			isa = XCBuildConfiguration;
			buildSettings = {
				ASSETCATALOG_COMPILER_APPICON_NAME = AppIcon;
				INFOPLIST_FILE = MyApp23/Info.plist;
				LD_RUNPATH_SEARCH_PATHS = "$(inherited) @executable_path/Frameworks";
				PRODUCT_BUNDLE_IDENTIFIER = tw.org.iii.MyApp23;
				PRODUCT_NAME = "$(TARGET_NAME)";
				SWIFT_VERSION = 3.0;
			};
			name = Debug;
		};
		CED6ABE11F0C738400B12DDF /* Release */ = {
			isa = XCBuildConfiguration;
			buildSettings = {
				ASSETCATALOG_COMPILER_APPICON_NAME = AppIcon;
				INFOPLIST_FILE = MyApp23/Info.plist;
				LD_RUNPATH_SEARCH_PATHS = "$(inherited) @executable_path/Frameworks";
				PRODUCT_BUNDLE_IDENTIFIER = tw.org.iii.MyApp23;
				PRODUCT_NAME = "$(TARGET_NAME)";
				SWIFT_VERSION = 3.0;
			};
			name = Release;
		};
/* End XCBuildConfiguration section */

/* Begin XCConfigurationList section */
		CED6ABC81F0C738400B12DDF /* Build configuration list for PBXProject "MyApp23" */ = {
			isa = XCConfigurationList;
			buildConfigurations = (
				CED6ABDD1F0C738400B12DDF /* Debug */,
				CED6ABDE1F0C738400B12DDF /* Release */,
			);
			defaultConfigurationIsVisible = 0;
			defaultConfigurationName = Release;
		};
		CED6ABDF1F0C738400B12DDF /* Build configuration list for PBXNativeTarget "MyApp23" */ = {
			isa = XCConfigurationList;
			buildConfigurations = (
				CED6ABE01F0C738400B12DDF /* Debug */,
				CED6ABE11F0C738400B12DDF /* Release */,
			);
			defaultConfigurationIsVisible = 0;
		};
/* End XCConfigurationList section */
	};
	rootObject = CED6ABC51F0C738400B12DDF /* Project object */;
}
